
Microsoft Visual Studio Solution File, Format Version 12.00
# Visual Studio 2012
Project("{FAE04EC0-301F-11D3-BF4B-00C04F79EFBC}") = "TikTakToe", "TikTakToe\TikTakToe.csproj", "{FEA47843-7F14-4C44-A185-1E791A5B2824}"
EndProject
Global
	GlobalSection(SolutionConfigurationPlatforms) = preSolution
		Debug|Any CPU = Debug|Any CPU
		Release|Any CPU = Release|Any CPU
	EndGlobalSection
	GlobalSection(ProjectConfigurationPlatforms) = postSolution
		{FEA47843-7F14-4C44-A185-1E791A5B2824}.Debug|Any CPU.ActiveCfg = Debug|Any CPU
		{FEA47843-7F14-4C44-A185-1E791A5B2824}.Debug|Any CPU.Build.0 = Debug|Any CPU
		{FEA47843-7F14-4C44-A185-1E791A5B2824}.Release|Any CPU.ActiveCfg = Release|Any CPU
		{FEA47843-7F14-4C44-A185-1E791A5B2824}.Release|Any CPU.Build.0 = Release|Any CPU
	EndGlobalSection
	GlobalSection(SolutionProperties) = preSolution
		HideSolutionNode = FALSE
	EndGlobalSection
EndGlobal
